
Microsoft Visual Studio Solution File, Format Version 12.00
# Visual Studio Version 17
VisualStudioVersion = 17.0.32014.148
MinimumVisualStudioVersion = 10.0.40219.1
Project("{FAE04EC0-301F-11D3-BF4B-00C04F79EFBC}") = "MyWebApi", "MyWebApi\MyWebApi.csproj", "{108EDFB1-9F88-436D-B72E-F34BF311FFCE}"
EndProject
Global
	GlobalSection(SolutionConfigurationPlatforms) = preSolution
		Debug|Any CPU = Debug|Any CPU
		Release|Any CPU = Release|Any CPU
	EndGlobalSection
	GlobalSection(ProjectConfigurationPlatforms) = postSolution
		{108EDFB1-9F88-436D-B72E-F34BF311FFCE}.Debug|Any CPU.ActiveCfg = Debug|Any CPU
		{108EDFB1-9F88-436D-B72E-F34BF311FFCE}.Debug|Any CPU.Build.0 = Debug|Any CPU
		{108EDFB1-9F88-436D-B72E-F34BF311FFCE}.Release|Any CPU.ActiveCfg = Release|Any CPU
		{108EDFB1-9F88-436D-B72E-F34BF311FFCE}.Release|Any CPU.Build.0 = Release|Any CPU
	EndGlobalSection
	GlobalSection(SolutionProperties) = preSolution
		HideSolutionNode = FALSE
	EndGlobalSection
	GlobalSection(ExtensibilityGlobals) = postSolution
		SolutionGuid = {214214A7-9047-4D7F-B6F3-D8FFFBDBFA8E}
	EndGlobalSection
EndGlobal
